
Microsoft Visual Studio Solution File, Format Version 12.00
# Visual Studio Version 16
VisualStudioVersion = 16.0.29509.3
MinimumVisualStudioVersion = 10.0.40219.1
Project("{FAE04EC0-301F-11D3-BF4B-00C04F79EFBC}") = "OneLibraryTwoVersions", "OneLibraryTwoVersions\OneLibraryTwoVersions.csproj", "{CBCB2296-8B0D-495F-9C2A-01981102B582}"
EndProject
Project("{FAE04EC0-301F-11D3-BF4B-00C04F79EFBC}") = "AddGitCommitHashInAssemblyInformationalVersion", "AddGitCommitHashInAssemblyInformationalVersion\AddGitCommitHashInAssemblyInformationalVersion.csproj", "{83005698-9188-45AD-B35C-760834174A95}"
EndProject
Global
	GlobalSection(SolutionConfigurationPlatforms) = preSolution
		Debug|Any CPU = Debug|Any CPU
		Release|Any CPU = Release|Any CPU
	EndGlobalSection
	GlobalSection(ProjectConfigurationPlatforms) = postSolution
		{CBCB2296-8B0D-495F-9C2A-01981102B582}.Debug|Any CPU.ActiveCfg = Debug|Any CPU
		{CBCB2296-8B0D-495F-9C2A-01981102B582}.Debug|Any CPU.Build.0 = Debug|Any CPU
		{CBCB2296-8B0D-495F-9C2A-01981102B582}.Release|Any CPU.ActiveCfg = Release|Any CPU
		{CBCB2296-8B0D-495F-9C2A-01981102B582}.Release|Any CPU.Build.0 = Release|Any CPU
		{83005698-9188-45AD-B35C-760834174A95}.Debug|Any CPU.ActiveCfg = Debug|Any CPU
		{83005698-9188-45AD-B35C-760834174A95}.Debug|Any CPU.Build.0 = Debug|Any CPU
		{83005698-9188-45AD-B35C-760834174A95}.Release|Any CPU.ActiveCfg = Release|Any CPU
		{83005698-9188-45AD-B35C-760834174A95}.Release|Any CPU.Build.0 = Release|Any CPU
	EndGlobalSection
	GlobalSection(SolutionProperties) = preSolution
		HideSolutionNode = FALSE
	EndGlobalSection
	GlobalSection(ExtensibilityGlobals) = postSolution
		SolutionGuid = {B43B5BDF-50E0-4DA1-8726-C7E97343C38B}
	EndGlobalSection
EndGlobal
